
Microsoft Visual Studio Solution File, Format Version 12.00
# Visual Studio Version 16
VisualStudioVersion = 16.0.31205.134
MinimumVisualStudioVersion = 10.0.40219.1
Project("{FAE04EC0-301F-11D3-BF4B-00C04F79EFBC}") = "HW9_10", "HW9_10\HW9_10.csproj", "{3F7B8D93-AC02-480A-A74A-06B1A0D0993C}"
EndProject
Global
	GlobalSection(SolutionConfigurationPlatforms) = preSolution
		Debug|Any CPU = Debug|Any CPU
		Release|Any CPU = Release|Any CPU
	EndGlobalSection
	GlobalSection(ProjectConfigurationPlatforms) = postSolution
		{3F7B8D93-AC02-480A-A74A-06B1A0D0993C}.Debug|Any CPU.ActiveCfg = Debug|Any CPU
		{3F7B8D93-AC02-480A-A74A-06B1A0D0993C}.Debug|Any CPU.Build.0 = Debug|Any CPU
		{3F7B8D93-AC02-480A-A74A-06B1A0D0993C}.Release|Any CPU.ActiveCfg = Release|Any CPU
		{3F7B8D93-AC02-480A-A74A-06B1A0D0993C}.Release|Any CPU.Build.0 = Release|Any CPU
	EndGlobalSection
	GlobalSection(SolutionProperties) = preSolution
		HideSolutionNode = FALSE
	EndGlobalSection
	GlobalSection(ExtensibilityGlobals) = postSolution
		SolutionGuid = {894B3679-9880-4460-BA31-269B870AB3E4}
	EndGlobalSection
EndGlobal
